
Microsoft Visual Studio Solution File, Format Version 12.00
# Visual Studio Version 17
VisualStudioVersion = 17.8.34330.188
MinimumVisualStudioVersion = 10.0.40219.1
Project("{FAE04EC0-301F-11D3-BF4B-00C04F79EFBC}") = "ASMWorkingWithRDBMS", "ASMWorkingWithRDBMS\ASMWorkingWithRDBMS.csproj", "{711B335E-D242-42AF-84A9-DD57D4E601EA}"
EndProject
Global
	GlobalSection(SolutionConfigurationPlatforms) = preSolution
		Debug|Any CPU = Debug|Any CPU
		Release|Any CPU = Release|Any CPU
	EndGlobalSection
	GlobalSection(ProjectConfigurationPlatforms) = postSolution
		{711B335E-D242-42AF-84A9-DD57D4E601EA}.Debug|Any CPU.ActiveCfg = Debug|Any CPU
		{711B335E-D242-42AF-84A9-DD57D4E601EA}.Debug|Any CPU.Build.0 = Debug|Any CPU
		{711B335E-D242-42AF-84A9-DD57D4E601EA}.Release|Any CPU.ActiveCfg = Release|Any CPU
		{711B335E-D242-42AF-84A9-DD57D4E601EA}.Release|Any CPU.Build.0 = Release|Any CPU
	EndGlobalSection
	GlobalSection(SolutionProperties) = preSolution
		HideSolutionNode = FALSE
	EndGlobalSection
	GlobalSection(ExtensibilityGlobals) = postSolution
		SolutionGuid = {BD45D7C1-76C9-4CA1-9598-D343FAC5BBD5}
	EndGlobalSection
EndGlobal
